
Microsoft Visual Studio Solution File, Format Version 12.00
# Visual Studio Version 16
VisualStudioVersion = 16.0.31613.86
MinimumVisualStudioVersion = 10.0.40219.1
Project("{FAE04EC0-301F-11D3-BF4B-00C04F79EFBC}") = "stremio-greek-tv", "stremio-greek-tv\stremio-greek-tv.csproj", "{1D01FDD7-BDBC-4A99-808E-DE05D88FE3CB}"
EndProject
Global
	GlobalSection(SolutionConfigurationPlatforms) = preSolution
		Debug|Any CPU = Debug|Any CPU
		Release|Any CPU = Release|Any CPU
	EndGlobalSection
	GlobalSection(ProjectConfigurationPlatforms) = postSolution
		{1D01FDD7-BDBC-4A99-808E-DE05D88FE3CB}.Debug|Any CPU.ActiveCfg = Debug|Any CPU
		{1D01FDD7-BDBC-4A99-808E-DE05D88FE3CB}.Debug|Any CPU.Build.0 = Debug|Any CPU
		{1D01FDD7-BDBC-4A99-808E-DE05D88FE3CB}.Release|Any CPU.ActiveCfg = Release|Any CPU
		{1D01FDD7-BDBC-4A99-808E-DE05D88FE3CB}.Release|Any CPU.Build.0 = Release|Any CPU
	EndGlobalSection
	GlobalSection(SolutionProperties) = preSolution
		HideSolutionNode = FALSE
	EndGlobalSection
	GlobalSection(ExtensibilityGlobals) = postSolution
		SolutionGuid = {B26B479E-38FA-4B3A-826C-F0C81E09EBE5}
	EndGlobalSection
EndGlobal
